
Microsoft Visual Studio Solution File, Format Version 12.00
# Visual Studio Version 17
VisualStudioVersion = 17.14.36811.4
MinimumVisualStudioVersion = 10.0.40219.1
Project("{FAE04EC0-301F-11D3-BF4B-00C04F79EFBC}") = "HospitalManagementSystem", "HospitalManagementSystem.csproj", "{D93253C7-6EC7-484B-86A4-3A275247875D}"
EndProject
Global
	GlobalSection(SolutionConfigurationPlatforms) = preSolution
		Debug|Any CPU = Debug|Any CPU
		Release|Any CPU = Release|Any CPU
	EndGlobalSection
	GlobalSection(ProjectConfigurationPlatforms) = postSolution
		{D93253C7-6EC7-484B-86A4-3A275247875D}.Debug|Any CPU.ActiveCfg = Debug|Any CPU
		{D93253C7-6EC7-484B-86A4-3A275247875D}.Debug|Any CPU.Build.0 = Debug|Any CPU
		{D93253C7-6EC7-484B-86A4-3A275247875D}.Release|Any CPU.ActiveCfg = Release|Any CPU
		{D93253C7-6EC7-484B-86A4-3A275247875D}.Release|Any CPU.Build.0 = Release|Any CPU
	EndGlobalSection
	GlobalSection(SolutionProperties) = preSolution
		HideSolutionNode = FALSE
	EndGlobalSection
	GlobalSection(ExtensibilityGlobals) = postSolution
		SolutionGuid = {CB6AA1D7-4DA3-4C82-BABF-4A5BD87E7284}
	EndGlobalSection
EndGlobal
